{
  "name": "upiqrcode",
  "version": "1.0.3",
  "lockfileVersion": 3,
  "requires": true,
  "packages": {
    "": {
      "name": "upiqrcode",
      "version": "1.0.3",
      "license": "GPLV3",
      "dependencies": {
        "@types/qrcode": "^1.5.1"
      },
      "devDependencies": {
        "typescript": "^5.2.2"
      },
      "funding": {
        "type": "upi",
        "url": "https://pratyayupi.vercel.app/"
      }
    },
    "node_modules/@types/node": {
      "version": "20.5.7",
      "resolved": "https://registry.npmjs.org/@types/node/-/node-20.5.7.tgz",
      "integrity": "sha512-dP7f3LdZIysZnmvP3ANJYTSwg+wLLl8p7RqniVlV7j+oXSXAbt9h0WIBFmJy5inWZoX9wZN6eXx+YXd9Rh3RBA=="
    },
    "node_modules/@types/qrcode": {
      "version": "1.5.1",
      "resolved": "https://registry.npmjs.org/@types/qrcode/-/qrcode-1.5.1.tgz",
      "integrity": "sha512-HpSN675K0PmxIDRpjMI3Mc2GiKo3dNu+X/F5SoItiaDS1lVfgC6Wac1c5lQDfKWbTJUSHWiHKzpJpBZG7k9gaA==",
      "dependencies": {
        "@types/node": "*"
      }
    },
    "node_modules/typescript": {
      "version": "5.2.2",
      "resolved": "https://registry.npmjs.org/typescript/-/typescript-5.2.2.tgz",
      "integrity": "sha512-mI4WrpHsbCIcwT9cF4FZvr80QUeKvsUsUvKDoR+X/7XHQH98xYD8YHZg7ANtz2GtZt/CBq2QJ0thkGJMHfqc1w==",
      "dev": true,
      "bin": {
        "tsc": "bin/tsc",
        "tsserver": "bin/tsserver"
      },
      "engines": {
        "node": ">=14.17"
      }
    }
  }
}
